
Microsoft Visual Studio Solution File, Format Version 12.00
# Visual Studio Version 17
VisualStudioVersion = 17.2.32616.157
MinimumVisualStudioVersion = 10.0.40219.1
Project("{9A19103F-16F7-4668-BE54-9A1E7A4F7556}") = "BMICalc", "BMICalc\BMICalc.csproj", "{531B44EC-5841-486A-A43E-F122BDC42942}"
EndProject
Project("{2150E333-8FDC-42A3-9474-1A3956D46DE8}") = "Solution Items", "Solution Items", "{B748FDAB-DAF9-4D73-B549-011142EAD05C}"
	ProjectSection(SolutionItems) = preProject
		README.md = README.md
	EndProjectSection
EndProject
Global
	GlobalSection(SolutionConfigurationPlatforms) = preSolution
		Debug|Any CPU = Debug|Any CPU
		Release|Any CPU = Release|Any CPU
	EndGlobalSection
	GlobalSection(ProjectConfigurationPlatforms) = postSolution
		{531B44EC-5841-486A-A43E-F122BDC42942}.Debug|Any CPU.ActiveCfg = Debug|Any CPU
		{531B44EC-5841-486A-A43E-F122BDC42942}.Debug|Any CPU.Build.0 = Debug|Any CPU
		{531B44EC-5841-486A-A43E-F122BDC42942}.Release|Any CPU.ActiveCfg = Release|Any CPU
		{531B44EC-5841-486A-A43E-F122BDC42942}.Release|Any CPU.Build.0 = Release|Any CPU
	EndGlobalSection
	GlobalSection(SolutionProperties) = preSolution
		HideSolutionNode = FALSE
	EndGlobalSection
	GlobalSection(ExtensibilityGlobals) = postSolution
		SolutionGuid = {7887D3AF-F414-4B0B-9DA9-B962FF966A80}
	EndGlobalSection
EndGlobal
